
Microsoft Visual Studio Solution File, Format Version 12.00
# Visual Studio Version 16
VisualStudioVersion = 16.0.30611.23
MinimumVisualStudioVersion = 10.0.40219.1
Project("{FAE04EC0-301F-11D3-BF4B-00C04F79EFBC}") = "AppWithDB", "AppWithDB.csproj", "{007B507A-9748-49A2-B613-468432569760}"
EndProject
Global
	GlobalSection(SolutionConfigurationPlatforms) = preSolution
		Debug|Any CPU = Debug|Any CPU
		Release|Any CPU = Release|Any CPU
	EndGlobalSection
	GlobalSection(ProjectConfigurationPlatforms) = postSolution
		{007B507A-9748-49A2-B613-468432569760}.Debug|Any CPU.ActiveCfg = Debug|Any CPU
		{007B507A-9748-49A2-B613-468432569760}.Debug|Any CPU.Build.0 = Debug|Any CPU
		{007B507A-9748-49A2-B613-468432569760}.Release|Any CPU.ActiveCfg = Release|Any CPU
		{007B507A-9748-49A2-B613-468432569760}.Release|Any CPU.Build.0 = Release|Any CPU
	EndGlobalSection
	GlobalSection(SolutionProperties) = preSolution
		HideSolutionNode = FALSE
	EndGlobalSection
	GlobalSection(ExtensibilityGlobals) = postSolution
		SolutionGuid = {D1EA9705-EBFD-46B8-892B-32C811CBDFB1}
	EndGlobalSection
EndGlobal
